lockfileVersion: 5.4

specifiers:
  '@types/node': ^18.11.6
  '@types/node-cron': ^3.0.4
  node-cron: ^3.0.2
  prettier: 2.7.1
  typescript: 4.8.4

dependencies:
  '@types/node': 18.11.6
  node-cron: 3.0.2

devDependencies:
  '@types/node-cron': 3.0.4
  prettier: 2.7.1
  typescript: 4.8.4

packages:

  /@types/node-cron/3.0.4:
    resolution: {integrity: sha512-A2H+uz5ry4hohYjRe5mQSE/8Dx/HGw4WZ728JxhKUZ7z8CMvRuG2tpbzGHRGQCuQzz5aCNB1iXzPZYHd4BPHvw==}
    dev: true

  /@types/node/18.11.6:
    resolution: {integrity: sha512-j3CEDa2vd96K0AXF8Wur7UucACvnjkk8hYyQAHhUNciabZLDl9nfAEVUSwmh245OOZV15bRA3Y590Gi5jUcDJg==}
    dev: false

  /node-cron/3.0.2:
    resolution: {integrity: sha512-iP8l0yGlNpE0e6q1o185yOApANRe47UPbLf4YxfbiNHt/RU5eBcGB/e0oudruheSf+LQeDMezqC5BVAb5wwRcQ==}
    engines: {node: '>=6.0.0'}
    dependencies:
      uuid: 8.3.2
    dev: false

  /prettier/2.7.1:
    resolution: {integrity: sha512-ujppO+MkdPqoVINuDFDRLClm7D78qbDt0/NR+wp5FqEZOoTNAjPHWj17QRhu7geIHJfcNhRk1XVQmF8Bp3ye+g==}
    engines: {node: '>=10.13.0'}
    hasBin: true
    dev: true

  /typescript/4.8.4:
    resolution: {integrity: sha512-QCh+85mCy+h0IGff8r5XWzOVSbBO+KfeYrMQh7NJ58QujwcE22u+NUSmUxqF+un70P9GXKxa2HCNiTTMJknyjQ==}
    engines: {node: '>=4.2.0'}
    hasBin: true
    dev: true

  /uuid/8.3.2:
    resolution: {integrity: sha512-+NYs2QeMWy+GWFOEm9xnn6HCDp0l7QBD7ml8zLUmJ+93Q5NF0NocErnwkTkXVFNiX3/fpC6afS8Dhb/gz7R7eg==}
    hasBin: true
    dev: false
